
Microsoft Visual Studio Solution File, Format Version 12.00
# Visual Studio Version 17
VisualStudioVersion = 17.7.34024.191
MinimumVisualStudioVersion = 10.0.40219.1
Project("{FAE04EC0-301F-11D3-BF4B-00C04F79EFBC}") = "LAB2 Variant 2_ Divisor of the number 7.", "..\LAB2 Variant 2_ Divisor of the number 7\LAB2 Variant 2_ Divisor of the number 7..csproj", "{DA1FEEB6-C7BC-47A2-987B-53E1FA87F71A}"
EndProject
Global
	GlobalSection(SolutionConfigurationPlatforms) = preSolution
		Debug|Any CPU = Debug|Any CPU
		Release|Any CPU = Release|Any CPU
	EndGlobalSection
	GlobalSection(ProjectConfigurationPlatforms) = postSolution
		{DA1FEEB6-C7BC-47A2-987B-53E1FA87F71A}.Debug|Any CPU.ActiveCfg = Debug|Any CPU
		{DA1FEEB6-C7BC-47A2-987B-53E1FA87F71A}.Debug|Any CPU.Build.0 = Debug|Any CPU
		{DA1FEEB6-C7BC-47A2-987B-53E1FA87F71A}.Release|Any CPU.ActiveCfg = Release|Any CPU
		{DA1FEEB6-C7BC-47A2-987B-53E1FA87F71A}.Release|Any CPU.Build.0 = Release|Any CPU
	EndGlobalSection
	GlobalSection(SolutionProperties) = preSolution
		HideSolutionNode = FALSE
	EndGlobalSection
	GlobalSection(ExtensibilityGlobals) = postSolution
		SolutionGuid = {7C3188A2-CDFD-4122-8313-E6EB51F7EDB3}
	EndGlobalSection
EndGlobal
