
Microsoft Visual Studio Solution File, Format Version 12.00
# Visual Studio Version 17
VisualStudioVersion = 17.7.34024.191
MinimumVisualStudioVersion = 10.0.40219.1
Project("{FAE04EC0-301F-11D3-BF4B-00C04F79EFBC}") = "3. LAB2 Interest on bank deposits (subject to condition)", "3. LAB2 Interest on bank deposits (subject to condition).csproj", "{428E991F-E4C8-45DC-A57D-8FF7842CDF64}"
EndProject
Global
	GlobalSection(SolutionConfigurationPlatforms) = preSolution
		Debug|Any CPU = Debug|Any CPU
		Release|Any CPU = Release|Any CPU
	EndGlobalSection
	GlobalSection(ProjectConfigurationPlatforms) = postSolution
		{428E991F-E4C8-45DC-A57D-8FF7842CDF64}.Debug|Any CPU.ActiveCfg = Debug|Any CPU
		{428E991F-E4C8-45DC-A57D-8FF7842CDF64}.Debug|Any CPU.Build.0 = Debug|Any CPU
		{428E991F-E4C8-45DC-A57D-8FF7842CDF64}.Release|Any CPU.ActiveCfg = Release|Any CPU
		{428E991F-E4C8-45DC-A57D-8FF7842CDF64}.Release|Any CPU.Build.0 = Release|Any CPU
	EndGlobalSection
	GlobalSection(SolutionProperties) = preSolution
		HideSolutionNode = FALSE
	EndGlobalSection
	GlobalSection(ExtensibilityGlobals) = postSolution
		SolutionGuid = {37E7A377-42AA-4C3A-B4AC-5A62FFDF0106}
	EndGlobalSection
EndGlobal
