
Microsoft Visual Studio Solution File, Format Version 12.00
# Visual Studio Version 17
VisualStudioVersion = 17.7.34024.191
MinimumVisualStudioVersion = 10.0.40219.1
Project("{FAE04EC0-301F-11D3-BF4B-00C04F79EFBC}") = "LAB2 Variant 2_ 3.Calculate the value of the function", "LAB2 Variant 2_ 3.Calculate the value of the function.csproj", "{B1434DEF-BCD1-42D3-999D-7F8BCFBF7394}"
EndProject
Global
	GlobalSection(SolutionConfigurationPlatforms) = preSolution
		Debug|Any CPU = Debug|Any CPU
		Release|Any CPU = Release|Any CPU
	EndGlobalSection
	GlobalSection(ProjectConfigurationPlatforms) = postSolution
		{B1434DEF-BCD1-42D3-999D-7F8BCFBF7394}.Debug|Any CPU.ActiveCfg = Debug|Any CPU
		{B1434DEF-BCD1-42D3-999D-7F8BCFBF7394}.Debug|Any CPU.Build.0 = Debug|Any CPU
		{B1434DEF-BCD1-42D3-999D-7F8BCFBF7394}.Release|Any CPU.ActiveCfg = Release|Any CPU
		{B1434DEF-BCD1-42D3-999D-7F8BCFBF7394}.Release|Any CPU.Build.0 = Release|Any CPU
	EndGlobalSection
	GlobalSection(SolutionProperties) = preSolution
		HideSolutionNode = FALSE
	EndGlobalSection
	GlobalSection(ExtensibilityGlobals) = postSolution
		SolutionGuid = {C6099A8C-76CB-4C15-B418-09DD0038F67A}
	EndGlobalSection
EndGlobal
