
Microsoft Visual Studio Solution File, Format Version 12.00
# Visual Studio Version 17
VisualStudioVersion = 17.7.34024.191
MinimumVisualStudioVersion = 10.0.40219.1
Project("{FAE04EC0-301F-11D3-BF4B-00C04F79EFBC}") = "LAB2 Variant 2_4. Accrue a bonus discount", "LAB2 Variant 2_4. Accrue a bonus discount.csproj", "{64815192-70D3-448B-96C4-701537041B89}"
EndProject
Global
	GlobalSection(SolutionConfigurationPlatforms) = preSolution
		Debug|Any CPU = Debug|Any CPU
		Release|Any CPU = Release|Any CPU
	EndGlobalSection
	GlobalSection(ProjectConfigurationPlatforms) = postSolution
		{64815192-70D3-448B-96C4-701537041B89}.Debug|Any CPU.ActiveCfg = Debug|Any CPU
		{64815192-70D3-448B-96C4-701537041B89}.Debug|Any CPU.Build.0 = Debug|Any CPU
		{64815192-70D3-448B-96C4-701537041B89}.Release|Any CPU.ActiveCfg = Release|Any CPU
		{64815192-70D3-448B-96C4-701537041B89}.Release|Any CPU.Build.0 = Release|Any CPU
	EndGlobalSection
	GlobalSection(SolutionProperties) = preSolution
		HideSolutionNode = FALSE
	EndGlobalSection
	GlobalSection(ExtensibilityGlobals) = postSolution
		SolutionGuid = {E6E3812E-84EC-4E35-AE06-15823912320F}
	EndGlobalSection
EndGlobal
